{
  "markbot": "147aa8a2cc6aa55bb38f72b59fd6660b6f416e968a61b6b4155dfbbee8737137",
  "markbotignore": "030a4e6e1b3b6b510514a7ae54576e2c2ef762d56236c6414ef634955d96a126",
  "css/modules.css": "8a1ba27ffb3bd425520fe9f6e9353ba5c360d9b8f70214b0e0173359a538d415",
  "css/grid.css": "4530d5fcb8c810ef5c58aaabc319d0562b1e192bc87d572a2397c6395dd65d1c",
  "css/type.css": "27fa12036c60f595907a588d0adec045b6d52d163dd9ced14fba623382a9766c",
  "index-before-1440.png": "dd33e24cf82db9563a0a87efaf45d2feab6dd255db96b91e6fb79cecd6244455",
  "index-after-1440.png": "c7095912aaea45ce0865a7376de57f61a6e8c32fe7af02104a76576acbe1ca4b"
}